
Microsoft Visual Studio Solution File, Format Version 12.00
# Visual Studio Version 17
VisualStudioVersion = 17.1.32414.318
MinimumVisualStudioVersion = 10.0.40219.1
Project("{FAE04EC0-301F-11D3-BF4B-00C04F79EFBC}") = "FlightsManager", "FlightsManager\FlightsManager.csproj", "{A2EF5DAD-BC49-42F7-82FC-B1DA30CC51F4}"
EndProject
Global
	GlobalSection(SolutionConfigurationPlatforms) = preSolution
		Debug|Any CPU = Debug|Any CPU
		Release|Any CPU = Release|Any CPU
	EndGlobalSection
	GlobalSection(ProjectConfigurationPlatforms) = postSolution
		{A2EF5DAD-BC49-42F7-82FC-B1DA30CC51F4}.Debug|Any CPU.ActiveCfg = Debug|Any CPU
		{A2EF5DAD-BC49-42F7-82FC-B1DA30CC51F4}.Debug|Any CPU.Build.0 = Debug|Any CPU
		{A2EF5DAD-BC49-42F7-82FC-B1DA30CC51F4}.Release|Any CPU.ActiveCfg = Release|Any CPU
		{A2EF5DAD-BC49-42F7-82FC-B1DA30CC51F4}.Release|Any CPU.Build.0 = Release|Any CPU
	EndGlobalSection
	GlobalSection(SolutionProperties) = preSolution
		HideSolutionNode = FALSE
	EndGlobalSection
	GlobalSection(ExtensibilityGlobals) = postSolution
		SolutionGuid = {98C23B96-1275-4913-8ED2-3F8E4BF286DA}
	EndGlobalSection
EndGlobal
